
Microsoft Visual Studio Solution File, Format Version 12.00
# Visual Studio Version 17
VisualStudioVersion = 17.9.34607.119
MinimumVisualStudioVersion = 10.0.40219.1
Project("{FAE04EC0-301F-11D3-BF4B-00C04F79EFBC}") = "WarehouseTestService", "WarehouseTestService\WarehouseTestService.csproj", "{4E1D389A-F7A4-4BCC-B1B3-57992AC56166}"
EndProject
Global
	GlobalSection(SolutionConfigurationPlatforms) = preSolution
		Debug|Any CPU = Debug|Any CPU
		Release|Any CPU = Release|Any CPU
	EndGlobalSection
	GlobalSection(ProjectConfigurationPlatforms) = postSolution
		{4E1D389A-F7A4-4BCC-B1B3-57992AC56166}.Debug|Any CPU.ActiveCfg = Debug|Any CPU
		{4E1D389A-F7A4-4BCC-B1B3-57992AC56166}.Debug|Any CPU.Build.0 = Debug|Any CPU
		{4E1D389A-F7A4-4BCC-B1B3-57992AC56166}.Release|Any CPU.ActiveCfg = Release|Any CPU
		{4E1D389A-F7A4-4BCC-B1B3-57992AC56166}.Release|Any CPU.Build.0 = Release|Any CPU
	EndGlobalSection
	GlobalSection(SolutionProperties) = preSolution
		HideSolutionNode = FALSE
	EndGlobalSection
	GlobalSection(ExtensibilityGlobals) = postSolution
		SolutionGuid = {F9127470-1861-4A2D-8D3E-034BBA9C25D9}
	EndGlobalSection
EndGlobal
